
Microsoft Visual Studio Solution File, Format Version 12.00
# Visual Studio 15
VisualStudioVersion = 15.0.28307.106
MinimumVisualStudioVersion = 10.0.40219.1
Project("{FAE04EC0-301F-11D3-BF4B-00C04F79EFBC}") = "Problem02", "Problem02\Problem02.csproj", "{2A637764-53FD-4CB8-AEEC-46012F3DEE5F}"
EndProject
Project("{FAE04EC0-301F-11D3-BF4B-00C04F79EFBC}") = "Problem03", "Problem03\Problem03.csproj", "{C9FC93D4-7C62-4158-AC79-F0DC02DF8686}"
EndProject
Project("{FAE04EC0-301F-11D3-BF4B-00C04F79EFBC}") = "Problem04", "Problem04\Problem04.csproj", "{4431AB98-A64C-4455-A98C-018DCBE70D93}"
EndProject
Project("{FAE04EC0-301F-11D3-BF4B-00C04F79EFBC}") = "Problem05", "Problem05\Problem05.csproj", "{15DE7753-F846-476A-B301-2011FB327059}"
EndProject
Project("{9A19103F-16F7-4668-BE54-9A1E7A4F7556}") = "Problem01", "Problem01\Problem01.csproj", "{EFDE3264-7B73-4C30-9564-2B0A78DB178A}"
EndProject
Global
	GlobalSection(SolutionConfigurationPlatforms) = preSolution
		Debug|Any CPU = Debug|Any CPU
		Release|Any CPU = Release|Any CPU
	EndGlobalSection
	GlobalSection(ProjectConfigurationPlatforms) = postSolution
		{2A637764-53FD-4CB8-AEEC-46012F3DEE5F}.Debug|Any CPU.ActiveCfg = Debug|Any CPU
		{2A637764-53FD-4CB8-AEEC-46012F3DEE5F}.Debug|Any CPU.Build.0 = Debug|Any CPU
		{2A637764-53FD-4CB8-AEEC-46012F3DEE5F}.Release|Any CPU.ActiveCfg = Release|Any CPU
		{2A637764-53FD-4CB8-AEEC-46012F3DEE5F}.Release|Any CPU.Build.0 = Release|Any CPU
		{C9FC93D4-7C62-4158-AC79-F0DC02DF8686}.Debug|Any CPU.ActiveCfg = Debug|Any CPU
		{C9FC93D4-7C62-4158-AC79-F0DC02DF8686}.Debug|Any CPU.Build.0 = Debug|Any CPU
		{C9FC93D4-7C62-4158-AC79-F0DC02DF8686}.Release|Any CPU.ActiveCfg = Release|Any CPU
		{C9FC93D4-7C62-4158-AC79-F0DC02DF8686}.Release|Any CPU.Build.0 = Release|Any CPU
		{4431AB98-A64C-4455-A98C-018DCBE70D93}.Debug|Any CPU.ActiveCfg = Debug|Any CPU
		{4431AB98-A64C-4455-A98C-018DCBE70D93}.Debug|Any CPU.Build.0 = Debug|Any CPU
		{4431AB98-A64C-4455-A98C-018DCBE70D93}.Release|Any CPU.ActiveCfg = Release|Any CPU
		{4431AB98-A64C-4455-A98C-018DCBE70D93}.Release|Any CPU.Build.0 = Release|Any CPU
		{15DE7753-F846-476A-B301-2011FB327059}.Debug|Any CPU.ActiveCfg = Debug|Any CPU
		{15DE7753-F846-476A-B301-2011FB327059}.Debug|Any CPU.Build.0 = Debug|Any CPU
		{15DE7753-F846-476A-B301-2011FB327059}.Release|Any CPU.ActiveCfg = Release|Any CPU
		{15DE7753-F846-476A-B301-2011FB327059}.Release|Any CPU.Build.0 = Release|Any CPU
		{EFDE3264-7B73-4C30-9564-2B0A78DB178A}.Debug|Any CPU.ActiveCfg = Debug|Any CPU
		{EFDE3264-7B73-4C30-9564-2B0A78DB178A}.Debug|Any CPU.Build.0 = Debug|Any CPU
		{EFDE3264-7B73-4C30-9564-2B0A78DB178A}.Release|Any CPU.ActiveCfg = Release|Any CPU
		{EFDE3264-7B73-4C30-9564-2B0A78DB178A}.Release|Any CPU.Build.0 = Release|Any CPU
	EndGlobalSection
	GlobalSection(SolutionProperties) = preSolution
		HideSolutionNode = FALSE
	EndGlobalSection
	GlobalSection(ExtensibilityGlobals) = postSolution
		SolutionGuid = {640663FB-BFEC-4E3E-8C59-EDB28F860272}
	EndGlobalSection
EndGlobal
